// !$*UTF8*$!
{
	archiveVersion = 1;
	classes = {
	};
	objectVersion = 56;
	objects = {

/* Begin PBXBuildFile section */
		6087F53D29F97CE20042E89D /* WeatherAppApp.swift in Sources */ = {isa = PBXBuildFile; fileRef = 6087F53C29F97CE20042E89D /* WeatherAppApp.swift */; };
		6087F53F29F97CE20042E89D /* ContentView.swift in Sources */ = {isa = PBXBuildFile; fileRef = 6087F53E29F97CE20042E89D /* ContentView.swift */; };
		6087F54129F97CE40042E89D /* Assets.xcassets in Resources */ = {isa = PBXBuildFile; fileRef = 6087F54029F97CE40042E89D /* Assets.xcassets */; };
		6087F54429F97CE40042E89D /* Preview Assets.xcassets in Resources */ = {isa = PBXBuildFile; fileRef = 6087F54329F97CE40042E89D /* Preview Assets.xcassets */; };
		6087F54C29F984E70042E89D /* LocationManager.swift in Sources */ = {isa = PBXBuildFile; fileRef = 6087F54B29F984E70042E89D /* LocationManager.swift */; };
		6087F54F29F9864F0042E89D /* WelcomView.swift in Sources */ = {isa = PBXBuildFile; fileRef = 6087F54E29F9864F0042E89D /* WelcomView.swift */; };
		6087F55129F9BA9A0042E89D /* LoadingView.swift in Sources */ = {isa = PBXBuildFile; fileRef = 6087F55029F9BA9A0042E89D /* LoadingView.swift */; };
		6087F55429F9C35D0042E89D /* WeatherManager.swift in Sources */ = {isa = PBXBuildFile; fileRef = 6087F55329F9C35D0042E89D /* WeatherManager.swift */; };
		6087F55629F9CBD60042E89D /* WeatherView.swift in Sources */ = {isa = PBXBuildFile; fileRef = 6087F55529F9CBD60042E89D /* WeatherView.swift */; };
		6087F55829F9CC080042E89D /* ModelData.swift in Sources */ = {isa = PBXBuildFile; fileRef = 6087F55729F9CC080042E89D /* ModelData.swift */; };
		6087F55A29F9CCD40042E89D /* weatherData.json in Resources */ = {isa = PBXBuildFile; fileRef = 6087F55929F9CCD40042E89D /* weatherData.json */; };
		6087F55C29F9CEC70042E89D /* extension+Double.swift in Sources */ = {isa = PBXBuildFile; fileRef = 6087F55B29F9CEC70042E89D /* extension+Double.swift */; };
		6087F55E29F9DB4F0042E89D /* WeatherRow.swift in Sources */ = {isa = PBXBuildFile; fileRef = 6087F55D29F9DB4F0042E89D /* WeatherRow.swift */; };
/* End PBXBuildFile section */

/* Begin PBXFileReference section */
		6087F53929F97CE20042E89D /* WeatherApp.app */ = {isa = PBXFileReference; explicitFileType = wrapper.application; includeInIndex = 0; path = WeatherApp.app; sourceTree = BUILT_PRODUCTS_DIR; };
		6087F53C29F97CE20042E89D /* WeatherAppApp.swift */ = {isa = PBXFileReference; lastKnownFileType = sourcecode.swift; path = WeatherAppApp.swift; sourceTree = "<group>"; };
		6087F53E29F97CE20042E89D /* ContentView.swift */ = {isa = PBXFileReference; lastKnownFileType = sourcecode.swift; path = ContentView.swift; sourceTree = "<group>"; };
		6087F54029F97CE40042E89D /* Assets.xcassets */ = {isa = PBXFileReference; lastKnownFileType = folder.assetcatalog; path = Assets.xcassets; sourceTree = "<group>"; };
		6087F54329F97CE40042E89D /* Preview Assets.xcassets */ = {isa = PBXFileReference; lastKnownFileType = folder.assetcatalog; path = "Preview Assets.xcassets"; sourceTree = "<group>"; };
		6087F54B29F984E70042E89D /* LocationManager.swift */ = {isa = PBXFileReference; lastKnownFileType = sourcecode.swift; path = LocationManager.swift; sourceTree = "<group>"; };
		6087F54E29F9864F0042E89D /* WelcomView.swift */ = {isa = PBXFileReference; lastKnownFileType = sourcecode.swift; path = WelcomView.swift; sourceTree = "<group>"; };
		6087F55029F9BA9A0042E89D /* LoadingView.swift */ = {isa = PBXFileReference; lastKnownFileType = sourcecode.swift; path = LoadingView.swift; sourceTree = "<group>"; };
		6087F55329F9C35D0042E89D /* WeatherManager.swift */ = {isa = PBXFileReference; lastKnownFileType = sourcecode.swift; path = WeatherManager.swift; sourceTree = "<group>"; };
		6087F55529F9CBD60042E89D /* WeatherView.swift */ = {isa = PBXFileReference; lastKnownFileType = sourcecode.swift; path = WeatherView.swift; sourceTree = "<group>"; };
		6087F55729F9CC080042E89D /* ModelData.swift */ = {isa = PBXFileReference; lastKnownFileType = sourcecode.swift; path = ModelData.swift; sourceTree = "<group>"; };
		6087F55929F9CCD40042E89D /* weatherData.json */ = {isa = PBXFileReference; lastKnownFileType = text.json; path = weatherData.json; sourceTree = "<group>"; };
		6087F55B29F9CEC70042E89D /* extension+Double.swift */ = {isa = PBXFileReference; lastKnownFileType = sourcecode.swift; path = "extension+Double.swift"; sourceTree = "<group>"; };
		6087F55D29F9DB4F0042E89D /* WeatherRow.swift */ = {isa = PBXFileReference; lastKnownFileType = sourcecode.swift; path = WeatherRow.swift; sourceTree = "<group>"; };
/* End PBXFileReference section */

/* Begin PBXFrameworksBuildPhase section */
		6087F53629F97CE20042E89D /* Frameworks */ = {
			isa = PBXFrameworksBuildPhase;
			buildActionMask = 2147483647;
			files = (
			);
			runOnlyForDeploymentPostprocessing = 0;
		};
/* End PBXFrameworksBuildPhase section */

/* Begin PBXGroup section */
		6087F53029F97CE20042E89D = {
			isa = PBXGroup;
			children = (
				6087F53B29F97CE20042E89D /* WeatherApp */,
				6087F53A29F97CE20042E89D /* Products */,
			);
			sourceTree = "<group>";
		};
		6087F53A29F97CE20042E89D /* Products */ = {
			isa = PBXGroup;
			children = (
				6087F53929F97CE20042E89D /* WeatherApp.app */,
			);
			name = Products;
			sourceTree = "<group>";
		};
		6087F53B29F97CE20042E89D /* WeatherApp */ = {
			isa = PBXGroup;
			children = (
				6087F53C29F97CE20042E89D /* WeatherAppApp.swift */,
				6087F54A29F984CC0042E89D /* Managers */,
				6087F54D29F9860D0042E89D /* Views */,
				6087F54029F97CE40042E89D /* Assets.xcassets */,
				6087F54229F97CE40042E89D /* Preview Content */,
			);
			path = WeatherApp;
			sourceTree = "<group>";
		};
		6087F54229F97CE40042E89D /* Preview Content */ = {
			isa = PBXGroup;
			children = (
				6087F54329F97CE40042E89D /* Preview Assets.xcassets */,
			);
			path = "Preview Content";
			sourceTree = "<group>";
		};
		6087F54A29F984CC0042E89D /* Managers */ = {
			isa = PBXGroup;
			children = (
				6087F55329F9C35D0042E89D /* WeatherManager.swift */,
				6087F54B29F984E70042E89D /* LocationManager.swift */,
				6087F55729F9CC080042E89D /* ModelData.swift */,
				6087F55929F9CCD40042E89D /* weatherData.json */,
			);
			path = Managers;
			sourceTree = "<group>";
		};
		6087F54D29F9860D0042E89D /* Views */ = {
			isa = PBXGroup;
			children = (
				6087F53E29F97CE20042E89D /* ContentView.swift */,
				6087F55D29F9DB4F0042E89D /* WeatherRow.swift */,
				6087F55529F9CBD60042E89D /* WeatherView.swift */,
				6087F54E29F9864F0042E89D /* WelcomView.swift */,
				6087F55029F9BA9A0042E89D /* LoadingView.swift */,
				6087F55B29F9CEC70042E89D /* extension+Double.swift */,
			);
			path = Views;
			sourceTree = "<group>";
		};
/* End PBXGroup section */

/* Begin PBXNativeTarget section */
		6087F53829F97CE20042E89D /* WeatherApp */ = {
			isa = PBXNativeTarget;
			buildConfigurationList = 6087F54729F97CE40042E89D /* Build configuration list for PBXNativeTarget "WeatherApp" */;
			buildPhases = (
				6087F53529F97CE20042E89D /* Sources */,
				6087F53629F97CE20042E89D /* Frameworks */,
				6087F53729F97CE20042E89D /* Resources */,
			);
			buildRules = (
			);
			dependencies = (
			);
			name = WeatherApp;
			productName = WeatherApp;
			productReference = 6087F53929F97CE20042E89D /* WeatherApp.app */;
			productType = "com.apple.product-type.application";
		};
/* End PBXNativeTarget section */

/* Begin PBXProject section */
		6087F53129F97CE20042E89D /* Project object */ = {
			isa = PBXProject;
			attributes = {
				BuildIndependentTargetsInParallel = 1;
				LastSwiftUpdateCheck = 1420;
				LastUpgradeCheck = 1420;
				TargetAttributes = {
					6087F53829F97CE20042E89D = {
						CreatedOnToolsVersion = 14.2;
					};
				};
			};
			buildConfigurationList = 6087F53429F97CE20042E89D /* Build configuration list for PBXProject "WeatherApp" */;
			compatibilityVersion = "Xcode 14.0";
			developmentRegion = en;
			hasScannedForEncodings = 0;
			knownRegions = (
				en,
				Base,
			);
			mainGroup = 6087F53029F97CE20042E89D;
			productRefGroup = 6087F53A29F97CE20042E89D /* Products */;
			projectDirPath = "";
			projectRoot = "";
			targets = (
				6087F53829F97CE20042E89D /* WeatherApp */,
			);
		};
/* End PBXProject section */

/* Begin PBXResourcesBuildPhase section */
		6087F53729F97CE20042E89D /* Resources */ = {
			isa = PBXResourcesBuildPhase;
			buildActionMask = 2147483647;
			files = (
				6087F54429F97CE40042E89D /* Preview Assets.xcassets in Resources */,
				6087F55A29F9CCD40042E89D /* weatherData.json in Resources */,
				6087F54129F97CE40042E89D /* Assets.xcassets in Resources */,
			);
			runOnlyForDeploymentPostprocessing = 0;
		};
/* End PBXResourcesBuildPhase section */

/* Begin PBXSourcesBuildPhase section */
		6087F53529F97CE20042E89D /* Sources */ = {
			isa = PBXSourcesBuildPhase;
			buildActionMask = 2147483647;
			files = (
				6087F55429F9C35D0042E89D /* WeatherManager.swift in Sources */,
				6087F53F29F97CE20042E89D /* ContentView.swift in Sources */,
				6087F54F29F9864F0042E89D /* WelcomView.swift in Sources */,
				6087F53D29F97CE20042E89D /* WeatherAppApp.swift in Sources */,
				6087F55129F9BA9A0042E89D /* LoadingView.swift in Sources */,
				6087F55E29F9DB4F0042E89D /* WeatherRow.swift in Sources */,
				6087F55829F9CC080042E89D /* ModelData.swift in Sources */,
				6087F55C29F9CEC70042E89D /* extension+Double.swift in Sources */,
				6087F55629F9CBD60042E89D /* WeatherView.swift in Sources */,
				6087F54C29F984E70042E89D /* LocationManager.swift in Sources */,
			);
			runOnlyForDeploymentPostprocessing = 0;
		};
/* End PBXSourcesBuildPhase section */

/* Begin XCBuildConfiguration section */
		6087F54529F97CE40042E89D /* Debug */ = {
			isa = XCBuildConfiguration;
			buildSettings = {
				ALWAYS_SEARCH_USER_PATHS = NO;
				CLANG_ANALYZER_NONNULL = YES;
				CLANG_ANALYZER_NUMBER_OBJECT_CONVERSION = YES_AGGRESSIVE;
				CLANG_CXX_LANGUAGE_STANDARD = "gnu++20";
				CLANG_ENABLE_MODULES = YES;
				CLANG_ENABLE_OBJC_ARC = YES;
				CLANG_ENABLE_OBJC_WEAK = YES;
				CLANG_WARN_BLOCK_CAPTURE_AUTORELEASING = YES;
				CLANG_WARN_BOOL_CONVERSION = YES;
				CLANG_WARN_COMMA = YES;
				CLANG_WARN_CONSTANT_CONVERSION = YES;
				CLANG_WARN_DEPRECATED_OBJC_IMPLEMENTATIONS = YES;
				CLANG_WARN_DIRECT_OBJC_ISA_USAGE = YES_ERROR;
				CLANG_WARN_DOCUMENTATION_COMMENTS = YES;
				CLANG_WARN_EMPTY_BODY = YES;
				CLANG_WARN_ENUM_CONVERSION = YES;
				CLANG_WARN_INFINITE_RECURSION = YES;
				CLANG_WARN_INT_CONVERSION = YES;
				CLANG_WARN_NON_LITERAL_NULL_CONVERSION = YES;
				CLANG_WARN_OBJC_IMPLICIT_RETAIN_SELF = YES;
				CLANG_WARN_OBJC_LITERAL_CONVERSION = YES;
				CLANG_WARN_OBJC_ROOT_CLASS = YES_ERROR;
				CLANG_WARN_QUOTED_INCLUDE_IN_FRAMEWORK_HEADER = YES;
				CLANG_WARN_RANGE_LOOP_ANALYSIS = YES;
				CLANG_WARN_STRICT_PROTOTYPES = YES;
				CLANG_WARN_SUSPICIOUS_MOVE = YES;
				CLANG_WARN_UNGUARDED_AVAILABILITY = YES_AGGRESSIVE;
				CLANG_WARN_UNREACHABLE_CODE = YES;
				CLANG_WARN__DUPLICATE_METHOD_MATCH = YES;
				COPY_PHASE_STRIP = NO;
				DEBUG_INFORMATION_FORMAT = dwarf;
				ENABLE_STRICT_OBJC_MSGSEND = YES;
				ENABLE_TESTABILITY = YES;
				GCC_C_LANGUAGE_STANDARD = gnu11;
				GCC_DYNAMIC_NO_PIC = NO;
				GCC_NO_COMMON_BLOCKS = YES;
				GCC_OPTIMIZATION_LEVEL = 0;
				GCC_PREPROCESSOR_DEFINITIONS = (
					"DEBUG=1",
					"$(inherited)",
				);
				GCC_WARN_64_TO_32_BIT_CONVERSION = YES;
				GCC_WARN_ABOUT_RETURN_TYPE = YES_ERROR;
				GCC_WARN_UNDECLARED_SELECTOR = YES;
				GCC_WARN_UNINITIALIZED_AUTOS = YES_AGGRESSIVE;
				GCC_WARN_UNUSED_FUNCTION = YES;
				GCC_WARN_UNUSED_VARIABLE = YES;
				IPHONEOS_DEPLOYMENT_TARGET = 16.2;
				MTL_ENABLE_DEBUG_INFO = INCLUDE_SOURCE;
				MTL_FAST_MATH = YES;
				ONLY_ACTIVE_ARCH = YES;
				SDKROOT = iphoneos;
				SWIFT_ACTIVE_COMPILATION_CONDITIONS = DEBUG;
				SWIFT_OPTIMIZATION_LEVEL = "-Onone";
			};
			name = Debug;
		};
		6087F54629F97CE40042E89D /* Release */ = {
			isa = XCBuildConfiguration;
			buildSettings = {
				ALWAYS_SEARCH_USER_PATHS = NO;
				CLANG_ANALYZER_NONNULL = YES;
				CLANG_ANALYZER_NUMBER_OBJECT_CONVERSION = YES_AGGRESSIVE;
				CLANG_CXX_LANGUAGE_STANDARD = "gnu++20";
				CLANG_ENABLE_MODULES = YES;
				CLANG_ENABLE_OBJC_ARC = YES;
				CLANG_ENABLE_OBJC_WEAK = YES;
				CLANG_WARN_BLOCK_CAPTURE_AUTORELEASING = YES;
				CLANG_WARN_BOOL_CONVERSION = YES;
				CLANG_WARN_COMMA = YES;
				CLANG_WARN_CONSTANT_CONVERSION = YES;
				CLANG_WARN_DEPRECATED_OBJC_IMPLEMENTATIONS = YES;
				CLANG_WARN_DIRECT_OBJC_ISA_USAGE = YES_ERROR;
				CLANG_WARN_DOCUMENTATION_COMMENTS = YES;
				CLANG_WARN_EMPTY_BODY = YES;
				CLANG_WARN_ENUM_CONVERSION = YES;
				CLANG_WARN_INFINITE_RECURSION = YES;
				CLANG_WARN_INT_CONVERSION = YES;
				CLANG_WARN_NON_LITERAL_NULL_CONVERSION = YES;
				CLANG_WARN_OBJC_IMPLICIT_RETAIN_SELF = YES;
				CLANG_WARN_OBJC_LITERAL_CONVERSION = YES;
				CLANG_WARN_OBJC_ROOT_CLASS = YES_ERROR;
				CLANG_WARN_QUOTED_INCLUDE_IN_FRAMEWORK_HEADER = YES;
				CLANG_WARN_RANGE_LOOP_ANALYSIS = YES;
				CLANG_WARN_STRICT_PROTOTYPES = YES;
				CLANG_WARN_SUSPICIOUS_MOVE = YES;
				CLANG_WARN_UNGUARDED_AVAILABILITY = YES_AGGRESSIVE;
				CLANG_WARN_UNREACHABLE_CODE = YES;
				CLANG_WARN__DUPLICATE_METHOD_MATCH = YES;
				COPY_PHASE_STRIP = NO;
				DEBUG_INFORMATION_FORMAT = "dwarf-with-dsym";
				ENABLE_NS_ASSERTIONS = NO;
				ENABLE_STRICT_OBJC_MSGSEND = YES;
				GCC_C_LANGUAGE_STANDARD = gnu11;
				GCC_NO_COMMON_BLOCKS = YES;
				GCC_WARN_64_TO_32_BIT_CONVERSION = YES;
				GCC_WARN_ABOUT_RETURN_TYPE = YES_ERROR;
				GCC_WARN_UNDECLARED_SELECTOR = YES;
				GCC_WARN_UNINITIALIZED_AUTOS = YES_AGGRESSIVE;
				GCC_WARN_UNUSED_FUNCTION = YES;
				GCC_WARN_UNUSED_VARIABLE = YES;
				IPHONEOS_DEPLOYMENT_TARGET = 16.2;
				MTL_ENABLE_DEBUG_INFO = NO;
				MTL_FAST_MATH = YES;
				SDKROOT = iphoneos;
				SWIFT_COMPILATION_MODE = wholemodule;
				SWIFT_OPTIMIZATION_LEVEL = "-O";
				VALIDATE_PRODUCT = YES;
			};
			name = Release;
		};
		6087F54829F97CE40042E89D /* Debug */ = {
			isa = XCBuildConfiguration;
			buildSettings = {
				ASSETCATALOG_COMPILER_APPICON_NAME = AppIcon;
				ASSETCATALOG_COMPILER_GLOBAL_ACCENT_COLOR_NAME = AccentColor;
				CODE_SIGN_STYLE = Automatic;
				CURRENT_PROJECT_VERSION = 1;
				DEVELOPMENT_ASSET_PATHS = "\"WeatherApp/Preview Content\"";
				DEVELOPMENT_TEAM = A3SK267PDF;
				ENABLE_PREVIEWS = YES;
				GENERATE_INFOPLIST_FILE = YES;
				INFOPLIST_FILE = WeatherApp/Info.plist;
				INFOPLIST_KEY_UIApplicationSceneManifest_Generation = YES;
				INFOPLIST_KEY_UIApplicationSupportsIndirectInputEvents = YES;
				INFOPLIST_KEY_UILaunchScreen_Generation = YES;
				INFOPLIST_KEY_UISupportedInterfaceOrientations_iPad = "UIInterfaceOrientationPortrait UIInterfaceOrientationPortraitUpsideDown UIInterfaceOrientationLandscapeLeft UIInterfaceOrientationLandscapeRight";
				INFOPLIST_KEY_UISupportedInterfaceOrientations_iPhone = "UIInterfaceOrientationPortrait UIInterfaceOrientationLandscapeLeft UIInterfaceOrientationLandscapeRight";
				IPHONEOS_DEPLOYMENT_TARGET = 16.0;
				LD_RUNPATH_SEARCH_PATHS = (
					"$(inherited)",
					"@executable_path/Frameworks",
				);
				MARKETING_VERSION = 1.0;
				PRODUCT_BUNDLE_IDENTIFIER = me.dytko.marcin.WeatherApp;
				PRODUCT_NAME = "$(TARGET_NAME)";
				SWIFT_EMIT_LOC_STRINGS = YES;
				SWIFT_VERSION = 5.0;
				TARGETED_DEVICE_FAMILY = "1,2";
			};
			name = Debug;
		};
		6087F54929F97CE40042E89D /* Release */ = {
			isa = XCBuildConfiguration;
			buildSettings = {
				ASSETCATALOG_COMPILER_APPICON_NAME = AppIcon;
				ASSETCATALOG_COMPILER_GLOBAL_ACCENT_COLOR_NAME = AccentColor;
				CODE_SIGN_STYLE = Automatic;
				CURRENT_PROJECT_VERSION = 1;
				DEVELOPMENT_ASSET_PATHS = "\"WeatherApp/Preview Content\"";
				DEVELOPMENT_TEAM = A3SK267PDF;
				ENABLE_PREVIEWS = YES;
				GENERATE_INFOPLIST_FILE = YES;
				INFOPLIST_FILE = WeatherApp/Info.plist;
				INFOPLIST_KEY_UIApplicationSceneManifest_Generation = YES;
				INFOPLIST_KEY_UIApplicationSupportsIndirectInputEvents = YES;
				INFOPLIST_KEY_UILaunchScreen_Generation = YES;
				INFOPLIST_KEY_UISupportedInterfaceOrientations_iPad = "UIInterfaceOrientationPortrait UIInterfaceOrientationPortraitUpsideDown UIInterfaceOrientationLandscapeLeft UIInterfaceOrientationLandscapeRight";
				INFOPLIST_KEY_UISupportedInterfaceOrientations_iPhone = "UIInterfaceOrientationPortrait UIInterfaceOrientationLandscapeLeft UIInterfaceOrientationLandscapeRight";
				IPHONEOS_DEPLOYMENT_TARGET = 16.0;
				LD_RUNPATH_SEARCH_PATHS = (
					"$(inherited)",
					"@executable_path/Frameworks",
				);
				MARKETING_VERSION = 1.0;
				PRODUCT_BUNDLE_IDENTIFIER = me.dytko.marcin.WeatherApp;
				PRODUCT_NAME = "$(TARGET_NAME)";
				SWIFT_EMIT_LOC_STRINGS = YES;
				SWIFT_VERSION = 5.0;
				TARGETED_DEVICE_FAMILY = "1,2";
			};
			name = Release;
		};
/* End XCBuildConfiguration section */

/* Begin XCConfigurationList section */
		6087F53429F97CE20042E89D /* Build configuration list for PBXProject "WeatherApp" */ = {
			isa = XCConfigurationList;
			buildConfigurations = (
				6087F54529F97CE40042E89D /* Debug */,
				6087F54629F97CE40042E89D /* Release */,
			);
			defaultConfigurationIsVisible = 0;
			defaultConfigurationName = Release;
		};
		6087F54729F97CE40042E89D /* Build configuration list for PBXNativeTarget "WeatherApp" */ = {
			isa = XCConfigurationList;
			buildConfigurations = (
				6087F54829F97CE40042E89D /* Debug */,
				6087F54929F97CE40042E89D /* Release */,
			);
			defaultConfigurationIsVisible = 0;
			defaultConfigurationName = Release;
		};
/* End XCConfigurationList section */
	};
	rootObject = 6087F53129F97CE20042E89D /* Project object */;
}
